// !$*UTF8*$!
{
	archiveVersion = 1;
	classes = {
	};
	objectVersion = 50;
	objects = {

/* Begin PBXBuildFile section */
		FC2CD416243D71E500A1FA36 /* AppDelegate.swift in Sources */ = {isa = PBXBuildFile; fileRef = FC2CD415243D71E500A1FA36 /* AppDelegate.swift */; };
		FC2CD418243D71E500A1FA36 /* SceneDelegate.swift in Sources */ = {isa = PBXBuildFile; fileRef = FC2CD417243D71E500A1FA36 /* SceneDelegate.swift */; };
		FC2CD41A243D71E500A1FA36 /* ViewController.swift in Sources */ = {isa = PBXBuildFile; fileRef = FC2CD419243D71E500A1FA36 /* ViewController.swift */; };
		FC2CD41D243D71E500A1FA36 /* Main.storyboard in Resources */ = {isa = PBXBuildFile; fileRef = FC2CD41B243D71E500A1FA36 /* Main.storyboard */; };
		FC2CD41F243D71E800A1FA36 /* Assets.xcassets in Resources */ = {isa = PBXBuildFile; fileRef = FC2CD41E243D71E800A1FA36 /* Assets.xcassets */; };
		FC2CD422243D71E800A1FA36 /* LaunchScreen.storyboard in Resources */ = {isa = PBXBuildFile; fileRef = FC2CD420243D71E800A1FA36 /* LaunchScreen.storyboard */; };
/* End PBXBuildFile section */

/* Begin PBXFileReference section */
		FC2CD412243D71E500A1FA36 /* CMoneyTest.app */ = {isa = PBXFileReference; explicitFileType = wrapper.application; includeInIndex = 0; path = CMoneyTest.app; sourceTree = BUILT_PRODUCTS_DIR; };
		FC2CD415243D71E500A1FA36 /* AppDelegate.swift */ = {isa = PBXFileReference; lastKnownFileType = sourcecode.swift; path = AppDelegate.swift; sourceTree = "<group>"; };
		FC2CD417243D71E500A1FA36 /* SceneDelegate.swift */ = {isa = PBXFileReference; lastKnownFileType = sourcecode.swift; path = SceneDelegate.swift; sourceTree = "<group>"; };
		FC2CD419243D71E500A1FA36 /* ViewController.swift */ = {isa = PBXFileReference; lastKnownFileType = sourcecode.swift; path = ViewController.swift; sourceTree = "<group>"; };
		FC2CD41C243D71E500A1FA36 /* Base */ = {isa = PBXFileReference; lastKnownFileType = file.storyboard; name = Base; path = Base.lproj/Main.storyboard; sourceTree = "<group>"; };
		FC2CD41E243D71E800A1FA36 /* Assets.xcassets */ = {isa = PBXFileReference; lastKnownFileType = folder.assetcatalog; path = Assets.xcassets; sourceTree = "<group>"; };
		FC2CD421243D71E800A1FA36 /* Base */ = {isa = PBXFileReference; lastKnownFileType = file.storyboard; name = Base; path = Base.lproj/LaunchScreen.storyboard; sourceTree = "<group>"; };
		FC2CD423243D71E800A1FA36 /* Info.plist */ = {isa = PBXFileReference; lastKnownFileType = text.plist.xml; path = Info.plist; sourceTree = "<group>"; };
/* End PBXFileReference section */

/* Begin PBXFrameworksBuildPhase section */
		FC2CD40F243D71E500A1FA36 /* Frameworks */ = {
			isa = PBXFrameworksBuildPhase;
			buildActionMask = 2147483647;
			files = (
			);
			runOnlyForDeploymentPostprocessing = 0;
		};
/* End PBXFrameworksBuildPhase section */

/* Begin PBXGroup section */
		FC2CD409243D71E500A1FA36 = {
			isa = PBXGroup;
			children = (
				FC2CD414243D71E500A1FA36 /* CMoneyTest */,
				FC2CD413243D71E500A1FA36 /* Products */,
			);
			sourceTree = "<group>";
		};
		FC2CD413243D71E500A1FA36 /* Products */ = {
			isa = PBXGroup;
			children = (
				FC2CD412243D71E500A1FA36 /* CMoneyTest.app */,
			);
			name = Products;
			sourceTree = "<group>";
		};
		FC2CD414243D71E500A1FA36 /* CMoneyTest */ = {
			isa = PBXGroup;
			children = (
				FC2CD415243D71E500A1FA36 /* AppDelegate.swift */,
				FC2CD417243D71E500A1FA36 /* SceneDelegate.swift */,
				FC2CD419243D71E500A1FA36 /* ViewController.swift */,
				FC2CD41B243D71E500A1FA36 /* Main.storyboard */,
				FC2CD41E243D71E800A1FA36 /* Assets.xcassets */,
				FC2CD420243D71E800A1FA36 /* LaunchScreen.storyboard */,
				FC2CD423243D71E800A1FA36 /* Info.plist */,
			);
			path = CMoneyTest;
			sourceTree = "<group>";
		};
/* End PBXGroup section */

/* Begin PBXNativeTarget section */
		FC2CD411243D71E500A1FA36 /* CMoneyTest */ = {
			isa = PBXNativeTarget;
			buildConfigurationList = FC2CD426243D71E800A1FA36 /* Build configuration list for PBXNativeTarget "CMoneyTest" */;
			buildPhases = (
				FC2CD40E243D71E500A1FA36 /* Sources */,
				FC2CD40F243D71E500A1FA36 /* Frameworks */,
				FC2CD410243D71E500A1FA36 /* Resources */,
			);
			buildRules = (
			);
			dependencies = (
			);
			name = CMoneyTest;
			productName = CMoneyTest;
			productReference = FC2CD412243D71E500A1FA36 /* CMoneyTest.app */;
			productType = "com.apple.product-type.application";
		};
/* End PBXNativeTarget section */

/* Begin PBXProject section */
		FC2CD40A243D71E500A1FA36 /* Project object */ = {
			isa = PBXProject;
			attributes = {
				LastSwiftUpdateCheck = 1120;
				LastUpgradeCheck = 1120;
				ORGANIZATIONNAME = "Bing Guo";
				TargetAttributes = {
					FC2CD411243D71E500A1FA36 = {
						CreatedOnToolsVersion = 11.2.1;
					};
				};
			};
			buildConfigurationList = FC2CD40D243D71E500A1FA36 /* Build configuration list for PBXProject "CMoneyTest" */;
			compatibilityVersion = "Xcode 9.3";
			developmentRegion = en;
			hasScannedForEncodings = 0;
			knownRegions = (
				en,
				Base,
			);
			mainGroup = FC2CD409243D71E500A1FA36;
			productRefGroup = FC2CD413243D71E500A1FA36 /* Products */;
			projectDirPath = "";
			projectRoot = "";
			targets = (
				FC2CD411243D71E500A1FA36 /* CMoneyTest */,
			);
		};
/* End PBXProject section */

/* Begin PBXResourcesBuildPhase section */
		FC2CD410243D71E500A1FA36 /* Resources */ = {
			isa = PBXResourcesBuildPhase;
			buildActionMask = 2147483647;
			files = (
				FC2CD422243D71E800A1FA36 /* LaunchScreen.storyboard in Resources */,
				FC2CD41F243D71E800A1FA36 /* Assets.xcassets in Resources */,
				FC2CD41D243D71E500A1FA36 /* Main.storyboard in Resources */,
			);
			runOnlyForDeploymentPostprocessing = 0;
		};
/* End PBXResourcesBuildPhase section */

/* Begin PBXSourcesBuildPhase section */
		FC2CD40E243D71E500A1FA36 /* Sources */ = {
			isa = PBXSourcesBuildPhase;
			buildActionMask = 2147483647;
			files = (
				FC2CD41A243D71E500A1FA36 /* ViewController.swift in Sources */,
				FC2CD416243D71E500A1FA36 /* AppDelegate.swift in Sources */,
				FC2CD418243D71E500A1FA36 /* SceneDelegate.swift in Sources */,
			);
			runOnlyForDeploymentPostprocessing = 0;
		};
/* End PBXSourcesBuildPhase section */

/* Begin PBXVariantGroup section */
		FC2CD41B243D71E500A1FA36 /* Main.storyboard */ = {
			isa = PBXVariantGroup;
			children = (
				FC2CD41C243D71E500A1FA36 /* Base */,
			);
			name = Main.storyboard;
			sourceTree = "<group>";
		};
		FC2CD420243D71E800A1FA36 /* LaunchScreen.storyboard */ = {
			isa = PBXVariantGroup;
			children = (
				FC2CD421243D71E800A1FA36 /* Base */,
			);
			name = LaunchScreen.storyboard;
			sourceTree = "<group>";
		};
/* End PBXVariantGroup section */

/* Begin XCBuildConfiguration section */
		FC2CD424243D71E800A1FA36 /* Debug */ = {
			isa = XCBuildConfiguration;
			buildSettings = {
				ALWAYS_SEARCH_USER_PATHS = NO;
				CLANG_ANALYZER_NONNULL = YES;
				CLANG_ANALYZER_NUMBER_OBJECT_CONVERSION = YES_AGGRESSIVE;
				CLANG_CXX_LANGUAGE_STANDARD = "gnu++14";
				CLANG_CXX_LIBRARY = "libc++";
				CLANG_ENABLE_MODULES = YES;
				CLANG_ENABLE_OBJC_ARC = YES;
				CLANG_ENABLE_OBJC_WEAK = YES;
				CLANG_WARN_BLOCK_CAPTURE_AUTORELEASING = YES;
				CLANG_WARN_BOOL_CONVERSION = YES;
				CLANG_WARN_COMMA = YES;
				CLANG_WARN_CONSTANT_CONVERSION = YES;
				CLANG_WARN_DEPRECATED_OBJC_IMPLEMENTATIONS = YES;
				CLANG_WARN_DIRECT_OBJC_ISA_USAGE = YES_ERROR;
				CLANG_WARN_DOCUMENTATION_COMMENTS = YES;
				CLANG_WARN_EMPTY_BODY = YES;
				CLANG_WARN_ENUM_CONVERSION = YES;
				CLANG_WARN_INFINITE_RECURSION = YES;
				CLANG_WARN_INT_CONVERSION = YES;
				CLANG_WARN_NON_LITERAL_NULL_CONVERSION = YES;
				CLANG_WARN_OBJC_IMPLICIT_RETAIN_SELF = YES;
				CLANG_WARN_OBJC_LITERAL_CONVERSION = YES;
				CLANG_WARN_OBJC_ROOT_CLASS = YES_ERROR;
				CLANG_WARN_RANGE_LOOP_ANALYSIS = YES;
				CLANG_WARN_STRICT_PROTOTYPES = YES;
				CLANG_WARN_SUSPICIOUS_MOVE = YES;
				CLANG_WARN_UNGUARDED_AVAILABILITY = YES_AGGRESSIVE;
				CLANG_WARN_UNREACHABLE_CODE = YES;
				CLANG_WARN__DUPLICATE_METHOD_MATCH = YES;
				COPY_PHASE_STRIP = NO;
				DEBUG_INFORMATION_FORMAT = dwarf;
				ENABLE_STRICT_OBJC_MSGSEND = YES;
				ENABLE_TESTABILITY = YES;
				GCC_C_LANGUAGE_STANDARD = gnu11;
				GCC_DYNAMIC_NO_PIC = NO;
				GCC_NO_COMMON_BLOCKS = YES;
				GCC_OPTIMIZATION_LEVEL = 0;
				GCC_PREPROCESSOR_DEFINITIONS = (
					"DEBUG=1",
					"$(inherited)",
				);
				GCC_WARN_64_TO_32_BIT_CONVERSION = YES;
				GCC_WARN_ABOUT_RETURN_TYPE = YES_ERROR;
				GCC_WARN_UNDECLARED_SELECTOR = YES;
				GCC_WARN_UNINITIALIZED_AUTOS = YES_AGGRESSIVE;
				GCC_WARN_UNUSED_FUNCTION = YES;
				GCC_WARN_UNUSED_VARIABLE = YES;
				IPHONEOS_DEPLOYMENT_TARGET = 13.2;
				MTL_ENABLE_DEBUG_INFO = INCLUDE_SOURCE;
				MTL_FAST_MATH = YES;
				ONLY_ACTIVE_ARCH = YES;
				SDKROOT = iphoneos;
				SWIFT_ACTIVE_COMPILATION_CONDITIONS = DEBUG;
				SWIFT_OPTIMIZATION_LEVEL = "-Onone";
			};
			name = Debug;
		};
		FC2CD425243D71E800A1FA36 /* Release */ = {
			isa = XCBuildConfiguration;
			buildSettings = {
				ALWAYS_SEARCH_USER_PATHS = NO;
				CLANG_ANALYZER_NONNULL = YES;
				CLANG_ANALYZER_NUMBER_OBJECT_CONVERSION = YES_AGGRESSIVE;
				CLANG_CXX_LANGUAGE_STANDARD = "gnu++14";
				CLANG_CXX_LIBRARY = "libc++";
				CLANG_ENABLE_MODULES = YES;
				CLANG_ENABLE_OBJC_ARC = YES;
				CLANG_ENABLE_OBJC_WEAK = YES;
				CLANG_WARN_BLOCK_CAPTURE_AUTORELEASING = YES;
				CLANG_WARN_BOOL_CONVERSION = YES;
				CLANG_WARN_COMMA = YES;
				CLANG_WARN_CONSTANT_CONVERSION = YES;
				CLANG_WARN_DEPRECATED_OBJC_IMPLEMENTATIONS = YES;
				CLANG_WARN_DIRECT_OBJC_ISA_USAGE = YES_ERROR;
				CLANG_WARN_DOCUMENTATION_COMMENTS = YES;
				CLANG_WARN_EMPTY_BODY = YES;
				CLANG_WARN_ENUM_CONVERSION = YES;
				CLANG_WARN_INFINITE_RECURSION = YES;
				CLANG_WARN_INT_CONVERSION = YES;
				CLANG_WARN_NON_LITERAL_NULL_CONVERSION = YES;
				CLANG_WARN_OBJC_IMPLICIT_RETAIN_SELF = YES;
				CLANG_WARN_OBJC_LITERAL_CONVERSION = YES;
				CLANG_WARN_OBJC_ROOT_CLASS = YES_ERROR;
				CLANG_WARN_RANGE_LOOP_ANALYSIS = YES;
				CLANG_WARN_STRICT_PROTOTYPES = YES;
				CLANG_WARN_SUSPICIOUS_MOVE = YES;
				CLANG_WARN_UNGUARDED_AVAILABILITY = YES_AGGRESSIVE;
				CLANG_WARN_UNREACHABLE_CODE = YES;
				CLANG_WARN__DUPLICATE_METHOD_MATCH = YES;
				COPY_PHASE_STRIP = NO;
				DEBUG_INFORMATION_FORMAT = "dwarf-with-dsym";
				ENABLE_NS_ASSERTIONS = NO;
				ENABLE_STRICT_OBJC_MSGSEND = YES;
				GCC_C_LANGUAGE_STANDARD = gnu11;
				GCC_NO_COMMON_BLOCKS = YES;
				GCC_WARN_64_TO_32_BIT_CONVERSION = YES;
				GCC_WARN_ABOUT_RETURN_TYPE = YES_ERROR;
				GCC_WARN_UNDECLARED_SELECTOR = YES;
				GCC_WARN_UNINITIALIZED_AUTOS = YES_AGGRESSIVE;
				GCC_WARN_UNUSED_FUNCTION = YES;
				GCC_WARN_UNUSED_VARIABLE = YES;
				IPHONEOS_DEPLOYMENT_TARGET = 13.2;
				MTL_ENABLE_DEBUG_INFO = NO;
				MTL_FAST_MATH = YES;
				SDKROOT = iphoneos;
				SWIFT_COMPILATION_MODE = wholemodule;
				SWIFT_OPTIMIZATION_LEVEL = "-O";
				VALIDATE_PRODUCT = YES;
			};
			name = Release;
		};
		FC2CD427243D71E800A1FA36 /* Debug */ = {
			isa = XCBuildConfiguration;
			buildSettings = {
				ASSETCATALOG_COMPILER_APPICON_NAME = AppIcon;
				CODE_SIGN_STYLE = Automatic;
				DEVELOPMENT_TEAM = V4HTHZYDXC;
				INFOPLIST_FILE = CMoneyTest/Info.plist;
				LD_RUNPATH_SEARCH_PATHS = (
					"$(inherited)",
					"@executable_path/Frameworks",
				);
				PRODUCT_BUNDLE_IDENTIFIER = com.bing.CMoneyTest;
				PRODUCT_NAME = "$(TARGET_NAME)";
				SWIFT_VERSION = 5.0;
				TARGETED_DEVICE_FAMILY = "1,2";
			};
			name = Debug;
		};
		FC2CD428243D71E800A1FA36 /* Release */ = {
			isa = XCBuildConfiguration;
			buildSettings = {
				ASSETCATALOG_COMPILER_APPICON_NAME = AppIcon;
				CODE_SIGN_STYLE = Automatic;
				DEVELOPMENT_TEAM = V4HTHZYDXC;
				INFOPLIST_FILE = CMoneyTest/Info.plist;
				LD_RUNPATH_SEARCH_PATHS = (
					"$(inherited)",
					"@executable_path/Frameworks",
				);
				PRODUCT_BUNDLE_IDENTIFIER = com.bing.CMoneyTest;
				PRODUCT_NAME = "$(TARGET_NAME)";
				SWIFT_VERSION = 5.0;
				TARGETED_DEVICE_FAMILY = "1,2";
			};
			name = Release;
		};
/* End XCBuildConfiguration section */

/* Begin XCConfigurationList section */
		FC2CD40D243D71E500A1FA36 /* Build configuration list for PBXProject "CMoneyTest" */ = {
			isa = XCConfigurationList;
			buildConfigurations = (
				FC2CD424243D71E800A1FA36 /* Debug */,
				FC2CD425243D71E800A1FA36 /* Release */,
			);
			defaultConfigurationIsVisible = 0;
			defaultConfigurationName = Release;
		};
		FC2CD426243D71E800A1FA36 /* Build configuration list for PBXNativeTarget "CMoneyTest" */ = {
			isa = XCConfigurationList;
			buildConfigurations = (
				FC2CD427243D71E800A1FA36 /* Debug */,
				FC2CD428243D71E800A1FA36 /* Release */,
			);
			defaultConfigurationIsVisible = 0;
			defaultConfigurationName = Release;
		};
/* End XCConfigurationList section */
	};
	rootObject = FC2CD40A243D71E500A1FA36 /* Project object */;
}
